
Microsoft Visual Studio Solution File, Format Version 12.00
# Visual Studio Version 17
VisualStudioVersion = 17.9.34607.119
MinimumVisualStudioVersion = 10.0.40219.1
Project("{FAE04EC0-301F-11D3-BF4B-00C04F79EFBC}") = "Product.Application", "Product.Application\Product.Application.csproj", "{0ABDD41F-9E0E-4D71-B149-9FC48BEC9E5C}"
EndProject
Project("{FAE04EC0-301F-11D3-BF4B-00C04F79EFBC}") = "Product.Event.Handler.Service", "Product.Event.Handler.Service\Product.Event.Handler.Service.csproj", "{46740E8A-CFD7-43A7-BFBF-8CB5D82A88B7}"
EndProject
Project("{FAE04EC0-301F-11D3-BF4B-00C04F79EFBC}") = "Shared", "Shared\Shared.csproj", "{FB7F26D9-B689-44E5-AA90-985C1D3CBCB6}"
EndProject
Global
	GlobalSection(SolutionConfigurationPlatforms) = preSolution
		Debug|Any CPU = Debug|Any CPU
		Release|Any CPU = Release|Any CPU
	EndGlobalSection
	GlobalSection(ProjectConfigurationPlatforms) = postSolution
		{0ABDD41F-9E0E-4D71-B149-9FC48BEC9E5C}.Debug|Any CPU.ActiveCfg = Debug|Any CPU
		{0ABDD41F-9E0E-4D71-B149-9FC48BEC9E5C}.Debug|Any CPU.Build.0 = Debug|Any CPU
		{0ABDD41F-9E0E-4D71-B149-9FC48BEC9E5C}.Release|Any CPU.ActiveCfg = Release|Any CPU
		{0ABDD41F-9E0E-4D71-B149-9FC48BEC9E5C}.Release|Any CPU.Build.0 = Release|Any CPU
		{46740E8A-CFD7-43A7-BFBF-8CB5D82A88B7}.Debug|Any CPU.ActiveCfg = Debug|Any CPU
		{46740E8A-CFD7-43A7-BFBF-8CB5D82A88B7}.Debug|Any CPU.Build.0 = Debug|Any CPU
		{46740E8A-CFD7-43A7-BFBF-8CB5D82A88B7}.Release|Any CPU.ActiveCfg = Release|Any CPU
		{46740E8A-CFD7-43A7-BFBF-8CB5D82A88B7}.Release|Any CPU.Build.0 = Release|Any CPU
		{FB7F26D9-B689-44E5-AA90-985C1D3CBCB6}.Debug|Any CPU.ActiveCfg = Debug|Any CPU
		{FB7F26D9-B689-44E5-AA90-985C1D3CBCB6}.Debug|Any CPU.Build.0 = Debug|Any CPU
		{FB7F26D9-B689-44E5-AA90-985C1D3CBCB6}.Release|Any CPU.ActiveCfg = Release|Any CPU
		{FB7F26D9-B689-44E5-AA90-985C1D3CBCB6}.Release|Any CPU.Build.0 = Release|Any CPU
	EndGlobalSection
	GlobalSection(SolutionProperties) = preSolution
		HideSolutionNode = FALSE
	EndGlobalSection
	GlobalSection(ExtensibilityGlobals) = postSolution
		SolutionGuid = {5C9F05B7-8B80-4D7B-96AE-95FB11E92138}
	EndGlobalSection
EndGlobal
